// !$*UTF8*$!
{
	archiveVersion = 1;
	classes = {
	};
	objectVersion = 56;
	objects = {

/* Begin PBXBuildFile section */
		73B0855C299007BF00CFBCA5 /* AppDelegate.swift in Sources */ = {isa = PBXBuildFile; fileRef = 73B0855B299007BF00CFBCA5 /* AppDelegate.swift */; };
		73B0855E299007BF00CFBCA5 /* SceneDelegate.swift in Sources */ = {isa = PBXBuildFile; fileRef = 73B0855D299007BF00CFBCA5 /* SceneDelegate.swift */; };
		73B08560299007BF00CFBCA5 /* ViewController.swift in Sources */ = {isa = PBXBuildFile; fileRef = 73B0855F299007BF00CFBCA5 /* ViewController.swift */; };
		73B08563299007BF00CFBCA5 /* Main.storyboard in Resources */ = {isa = PBXBuildFile; fileRef = 73B08561299007BF00CFBCA5 /* Main.storyboard */; };
		73B08565299007C000CFBCA5 /* Assets.xcassets in Resources */ = {isa = PBXBuildFile; fileRef = 73B08564299007C000CFBCA5 /* Assets.xcassets */; };
		73B08568299007C000CFBCA5 /* LaunchScreen.storyboard in Resources */ = {isa = PBXBuildFile; fileRef = 73B08566299007C000CFBCA5 /* LaunchScreen.storyboard */; };
		73B08570299009C000CFBCA5 /* NetworkManager.swift in Sources */ = {isa = PBXBuildFile; fileRef = 73B0856F299009C000CFBCA5 /* NetworkManager.swift */; };
		73B0857329900A7000CFBCA5 /* RequestResponse.swift in Sources */ = {isa = PBXBuildFile; fileRef = 73B0857229900A7000CFBCA5 /* RequestResponse.swift */; };
		73B085762990111A00CFBCA5 /* HTTPMethod.swift in Sources */ = {isa = PBXBuildFile; fileRef = 73B085752990111A00CFBCA5 /* HTTPMethod.swift */; };
		73B085782990157900CFBCA5 /* Page.swift in Sources */ = {isa = PBXBuildFile; fileRef = 73B085772990157900CFBCA5 /* Page.swift */; };
		73B0857A2990158E00CFBCA5 /* Datum.swift in Sources */ = {isa = PBXBuildFile; fileRef = 73B085792990158E00CFBCA5 /* Datum.swift */; };
		73B0857C299015A300CFBCA5 /* Support.swift in Sources */ = {isa = PBXBuildFile; fileRef = 73B0857B299015A300CFBCA5 /* Support.swift */; };
/* End PBXBuildFile section */

/* Begin PBXFileReference section */
		73B08558299007BF00CFBCA5 /* CombineNetwokring.app */ = {isa = PBXFileReference; explicitFileType = wrapper.application; includeInIndex = 0; path = CombineNetwokring.app; sourceTree = BUILT_PRODUCTS_DIR; };
		73B0855B299007BF00CFBCA5 /* AppDelegate.swift */ = {isa = PBXFileReference; lastKnownFileType = sourcecode.swift; path = AppDelegate.swift; sourceTree = "<group>"; };
		73B0855D299007BF00CFBCA5 /* SceneDelegate.swift */ = {isa = PBXFileReference; lastKnownFileType = sourcecode.swift; path = SceneDelegate.swift; sourceTree = "<group>"; };
		73B0855F299007BF00CFBCA5 /* ViewController.swift */ = {isa = PBXFileReference; lastKnownFileType = sourcecode.swift; path = ViewController.swift; sourceTree = "<group>"; };
		73B08562299007BF00CFBCA5 /* Base */ = {isa = PBXFileReference; lastKnownFileType = file.storyboard; name = Base; path = Base.lproj/Main.storyboard; sourceTree = "<group>"; };
		73B08564299007C000CFBCA5 /* Assets.xcassets */ = {isa = PBXFileReference; lastKnownFileType = folder.assetcatalog; path = Assets.xcassets; sourceTree = "<group>"; };
		73B08567299007C000CFBCA5 /* Base */ = {isa = PBXFileReference; lastKnownFileType = file.storyboard; name = Base; path = Base.lproj/LaunchScreen.storyboard; sourceTree = "<group>"; };
		73B08569299007C000CFBCA5 /* Info.plist */ = {isa = PBXFileReference; lastKnownFileType = text.plist.xml; path = Info.plist; sourceTree = "<group>"; };
		73B0856F299009C000CFBCA5 /* NetworkManager.swift */ = {isa = PBXFileReference; lastKnownFileType = sourcecode.swift; path = NetworkManager.swift; sourceTree = "<group>"; };
		73B0857229900A7000CFBCA5 /* RequestResponse.swift */ = {isa = PBXFileReference; lastKnownFileType = sourcecode.swift; path = RequestResponse.swift; sourceTree = "<group>"; };
		73B085752990111A00CFBCA5 /* HTTPMethod.swift */ = {isa = PBXFileReference; lastKnownFileType = sourcecode.swift; path = HTTPMethod.swift; sourceTree = "<group>"; };
		73B085772990157900CFBCA5 /* Page.swift */ = {isa = PBXFileReference; lastKnownFileType = sourcecode.swift; path = Page.swift; sourceTree = "<group>"; };
		73B085792990158E00CFBCA5 /* Datum.swift */ = {isa = PBXFileReference; lastKnownFileType = sourcecode.swift; path = Datum.swift; sourceTree = "<group>"; };
		73B0857B299015A300CFBCA5 /* Support.swift */ = {isa = PBXFileReference; lastKnownFileType = sourcecode.swift; path = Support.swift; sourceTree = "<group>"; };
/* End PBXFileReference section */

/* Begin PBXFrameworksBuildPhase section */
		73B08555299007BF00CFBCA5 /* Frameworks */ = {
			isa = PBXFrameworksBuildPhase;
			buildActionMask = 2147483647;
			files = (
			);
			runOnlyForDeploymentPostprocessing = 0;
		};
/* End PBXFrameworksBuildPhase section */

/* Begin PBXGroup section */
		73B0854F299007BF00CFBCA5 = {
			isa = PBXGroup;
			children = (
				73B0855A299007BF00CFBCA5 /* CombineNetwokring */,
				73B08559299007BF00CFBCA5 /* Products */,
			);
			sourceTree = "<group>";
		};
		73B08559299007BF00CFBCA5 /* Products */ = {
			isa = PBXGroup;
			children = (
				73B08558299007BF00CFBCA5 /* CombineNetwokring.app */,
			);
			name = Products;
			sourceTree = "<group>";
		};
		73B0855A299007BF00CFBCA5 /* CombineNetwokring */ = {
			isa = PBXGroup;
			children = (
				73B085742990110600CFBCA5 /* Networking */,
				73B0855B299007BF00CFBCA5 /* AppDelegate.swift */,
				73B0855D299007BF00CFBCA5 /* SceneDelegate.swift */,
				73B0855F299007BF00CFBCA5 /* ViewController.swift */,
				73B08561299007BF00CFBCA5 /* Main.storyboard */,
				73B08564299007C000CFBCA5 /* Assets.xcassets */,
				73B08566299007C000CFBCA5 /* LaunchScreen.storyboard */,
				73B08569299007C000CFBCA5 /* Info.plist */,
			);
			path = CombineNetwokring;
			sourceTree = "<group>";
		};
		73B0857129900A5A00CFBCA5 /* Response models */ = {
			isa = PBXGroup;
			children = (
				73B0857229900A7000CFBCA5 /* RequestResponse.swift */,
				73B085772990157900CFBCA5 /* Page.swift */,
				73B085792990158E00CFBCA5 /* Datum.swift */,
				73B0857B299015A300CFBCA5 /* Support.swift */,
			);
			path = "Response models";
			sourceTree = "<group>";
		};
		73B085742990110600CFBCA5 /* Networking */ = {
			isa = PBXGroup;
			children = (
				73B0856F299009C000CFBCA5 /* NetworkManager.swift */,
				73B085752990111A00CFBCA5 /* HTTPMethod.swift */,
				73B0857129900A5A00CFBCA5 /* Response models */,
			);
			path = Networking;
			sourceTree = "<group>";
		};
/* End PBXGroup section */

/* Begin PBXNativeTarget section */
		73B08557299007BF00CFBCA5 /* CombineNetwokring */ = {
			isa = PBXNativeTarget;
			buildConfigurationList = 73B0856C299007C000CFBCA5 /* Build configuration list for PBXNativeTarget "CombineNetwokring" */;
			buildPhases = (
				73B08554299007BF00CFBCA5 /* Sources */,
				73B08555299007BF00CFBCA5 /* Frameworks */,
				73B08556299007BF00CFBCA5 /* Resources */,
			);
			buildRules = (
			);
			dependencies = (
			);
			name = CombineNetwokring;
			productName = CombineNetwokring;
			productReference = 73B08558299007BF00CFBCA5 /* CombineNetwokring.app */;
			productType = "com.apple.product-type.application";
		};
/* End PBXNativeTarget section */

/* Begin PBXProject section */
		73B08550299007BF00CFBCA5 /* Project object */ = {
			isa = PBXProject;
			attributes = {
				BuildIndependentTargetsInParallel = 1;
				LastSwiftUpdateCheck = 1420;
				LastUpgradeCheck = 1420;
				TargetAttributes = {
					73B08557299007BF00CFBCA5 = {
						CreatedOnToolsVersion = 14.2;
					};
				};
			};
			buildConfigurationList = 73B08553299007BF00CFBCA5 /* Build configuration list for PBXProject "CombineNetwokring" */;
			compatibilityVersion = "Xcode 14.0";
			developmentRegion = en;
			hasScannedForEncodings = 0;
			knownRegions = (
				en,
				Base,
			);
			mainGroup = 73B0854F299007BF00CFBCA5;
			productRefGroup = 73B08559299007BF00CFBCA5 /* Products */;
			projectDirPath = "";
			projectRoot = "";
			targets = (
				73B08557299007BF00CFBCA5 /* CombineNetwokring */,
			);
		};
/* End PBXProject section */

/* Begin PBXResourcesBuildPhase section */
		73B08556299007BF00CFBCA5 /* Resources */ = {
			isa = PBXResourcesBuildPhase;
			buildActionMask = 2147483647;
			files = (
				73B08568299007C000CFBCA5 /* LaunchScreen.storyboard in Resources */,
				73B08565299007C000CFBCA5 /* Assets.xcassets in Resources */,
				73B08563299007BF00CFBCA5 /* Main.storyboard in Resources */,
			);
			runOnlyForDeploymentPostprocessing = 0;
		};
/* End PBXResourcesBuildPhase section */

/* Begin PBXSourcesBuildPhase section */
		73B08554299007BF00CFBCA5 /* Sources */ = {
			isa = PBXSourcesBuildPhase;
			buildActionMask = 2147483647;
			files = (
				73B08570299009C000CFBCA5 /* NetworkManager.swift in Sources */,
				73B0857A2990158E00CFBCA5 /* Datum.swift in Sources */,
				73B08560299007BF00CFBCA5 /* ViewController.swift in Sources */,
				73B085762990111A00CFBCA5 /* HTTPMethod.swift in Sources */,
				73B0855C299007BF00CFBCA5 /* AppDelegate.swift in Sources */,
				73B085782990157900CFBCA5 /* Page.swift in Sources */,
				73B0857329900A7000CFBCA5 /* RequestResponse.swift in Sources */,
				73B0855E299007BF00CFBCA5 /* SceneDelegate.swift in Sources */,
				73B0857C299015A300CFBCA5 /* Support.swift in Sources */,
			);
			runOnlyForDeploymentPostprocessing = 0;
		};
/* End PBXSourcesBuildPhase section */

/* Begin PBXVariantGroup section */
		73B08561299007BF00CFBCA5 /* Main.storyboard */ = {
			isa = PBXVariantGroup;
			children = (
				73B08562299007BF00CFBCA5 /* Base */,
			);
			name = Main.storyboard;
			sourceTree = "<group>";
		};
		73B08566299007C000CFBCA5 /* LaunchScreen.storyboard */ = {
			isa = PBXVariantGroup;
			children = (
				73B08567299007C000CFBCA5 /* Base */,
			);
			name = LaunchScreen.storyboard;
			sourceTree = "<group>";
		};
/* End PBXVariantGroup section */

/* Begin XCBuildConfiguration section */
		73B0856A299007C000CFBCA5 /* Debug */ = {
			isa = XCBuildConfiguration;
			buildSettings = {
				ALWAYS_SEARCH_USER_PATHS = NO;
				CLANG_ANALYZER_NONNULL = YES;
				CLANG_ANALYZER_NUMBER_OBJECT_CONVERSION = YES_AGGRESSIVE;
				CLANG_CXX_LANGUAGE_STANDARD = "gnu++20";
				CLANG_ENABLE_MODULES = YES;
				CLANG_ENABLE_OBJC_ARC = YES;
				CLANG_ENABLE_OBJC_WEAK = YES;
				CLANG_WARN_BLOCK_CAPTURE_AUTORELEASING = YES;
				CLANG_WARN_BOOL_CONVERSION = YES;
				CLANG_WARN_COMMA = YES;
				CLANG_WARN_CONSTANT_CONVERSION = YES;
				CLANG_WARN_DEPRECATED_OBJC_IMPLEMENTATIONS = YES;
				CLANG_WARN_DIRECT_OBJC_ISA_USAGE = YES_ERROR;
				CLANG_WARN_DOCUMENTATION_COMMENTS = YES;
				CLANG_WARN_EMPTY_BODY = YES;
				CLANG_WARN_ENUM_CONVERSION = YES;
				CLANG_WARN_INFINITE_RECURSION = YES;
				CLANG_WARN_INT_CONVERSION = YES;
				CLANG_WARN_NON_LITERAL_NULL_CONVERSION = YES;
				CLANG_WARN_OBJC_IMPLICIT_RETAIN_SELF = YES;
				CLANG_WARN_OBJC_LITERAL_CONVERSION = YES;
				CLANG_WARN_OBJC_ROOT_CLASS = YES_ERROR;
				CLANG_WARN_QUOTED_INCLUDE_IN_FRAMEWORK_HEADER = YES;
				CLANG_WARN_RANGE_LOOP_ANALYSIS = YES;
				CLANG_WARN_STRICT_PROTOTYPES = YES;
				CLANG_WARN_SUSPICIOUS_MOVE = YES;
				CLANG_WARN_UNGUARDED_AVAILABILITY = YES_AGGRESSIVE;
				CLANG_WARN_UNREACHABLE_CODE = YES;
				CLANG_WARN__DUPLICATE_METHOD_MATCH = YES;
				COPY_PHASE_STRIP = NO;
				DEBUG_INFORMATION_FORMAT = dwarf;
				ENABLE_STRICT_OBJC_MSGSEND = YES;
				ENABLE_TESTABILITY = YES;
				GCC_C_LANGUAGE_STANDARD = gnu11;
				GCC_DYNAMIC_NO_PIC = NO;
				GCC_NO_COMMON_BLOCKS = YES;
				GCC_OPTIMIZATION_LEVEL = 0;
				GCC_PREPROCESSOR_DEFINITIONS = (
					"DEBUG=1",
					"$(inherited)",
				);
				GCC_WARN_64_TO_32_BIT_CONVERSION = YES;
				GCC_WARN_ABOUT_RETURN_TYPE = YES_ERROR;
				GCC_WARN_UNDECLARED_SELECTOR = YES;
				GCC_WARN_UNINITIALIZED_AUTOS = YES_AGGRESSIVE;
				GCC_WARN_UNUSED_FUNCTION = YES;
				GCC_WARN_UNUSED_VARIABLE = YES;
				IPHONEOS_DEPLOYMENT_TARGET = 16.2;
				MTL_ENABLE_DEBUG_INFO = INCLUDE_SOURCE;
				MTL_FAST_MATH = YES;
				ONLY_ACTIVE_ARCH = YES;
				SDKROOT = iphoneos;
				SWIFT_ACTIVE_COMPILATION_CONDITIONS = DEBUG;
				SWIFT_OPTIMIZATION_LEVEL = "-Onone";
			};
			name = Debug;
		};
		73B0856B299007C000CFBCA5 /* Release */ = {
			isa = XCBuildConfiguration;
			buildSettings = {
				ALWAYS_SEARCH_USER_PATHS = NO;
				CLANG_ANALYZER_NONNULL = YES;
				CLANG_ANALYZER_NUMBER_OBJECT_CONVERSION = YES_AGGRESSIVE;
				CLANG_CXX_LANGUAGE_STANDARD = "gnu++20";
				CLANG_ENABLE_MODULES = YES;
				CLANG_ENABLE_OBJC_ARC = YES;
				CLANG_ENABLE_OBJC_WEAK = YES;
				CLANG_WARN_BLOCK_CAPTURE_AUTORELEASING = YES;
				CLANG_WARN_BOOL_CONVERSION = YES;
				CLANG_WARN_COMMA = YES;
				CLANG_WARN_CONSTANT_CONVERSION = YES;
				CLANG_WARN_DEPRECATED_OBJC_IMPLEMENTATIONS = YES;
				CLANG_WARN_DIRECT_OBJC_ISA_USAGE = YES_ERROR;
				CLANG_WARN_DOCUMENTATION_COMMENTS = YES;
				CLANG_WARN_EMPTY_BODY = YES;
				CLANG_WARN_ENUM_CONVERSION = YES;
				CLANG_WARN_INFINITE_RECURSION = YES;
				CLANG_WARN_INT_CONVERSION = YES;
				CLANG_WARN_NON_LITERAL_NULL_CONVERSION = YES;
				CLANG_WARN_OBJC_IMPLICIT_RETAIN_SELF = YES;
				CLANG_WARN_OBJC_LITERAL_CONVERSION = YES;
				CLANG_WARN_OBJC_ROOT_CLASS = YES_ERROR;
				CLANG_WARN_QUOTED_INCLUDE_IN_FRAMEWORK_HEADER = YES;
				CLANG_WARN_RANGE_LOOP_ANALYSIS = YES;
				CLANG_WARN_STRICT_PROTOTYPES = YES;
				CLANG_WARN_SUSPICIOUS_MOVE = YES;
				CLANG_WARN_UNGUARDED_AVAILABILITY = YES_AGGRESSIVE;
				CLANG_WARN_UNREACHABLE_CODE = YES;
				CLANG_WARN__DUPLICATE_METHOD_MATCH = YES;
				COPY_PHASE_STRIP = NO;
				DEBUG_INFORMATION_FORMAT = "dwarf-with-dsym";
				ENABLE_NS_ASSERTIONS = NO;
				ENABLE_STRICT_OBJC_MSGSEND = YES;
				GCC_C_LANGUAGE_STANDARD = gnu11;
				GCC_NO_COMMON_BLOCKS = YES;
				GCC_WARN_64_TO_32_BIT_CONVERSION = YES;
				GCC_WARN_ABOUT_RETURN_TYPE = YES_ERROR;
				GCC_WARN_UNDECLARED_SELECTOR = YES;
				GCC_WARN_UNINITIALIZED_AUTOS = YES_AGGRESSIVE;
				GCC_WARN_UNUSED_FUNCTION = YES;
				GCC_WARN_UNUSED_VARIABLE = YES;
				IPHONEOS_DEPLOYMENT_TARGET = 16.2;
				MTL_ENABLE_DEBUG_INFO = NO;
				MTL_FAST_MATH = YES;
				SDKROOT = iphoneos;
				SWIFT_COMPILATION_MODE = wholemodule;
				SWIFT_OPTIMIZATION_LEVEL = "-O";
				VALIDATE_PRODUCT = YES;
			};
			name = Release;
		};
		73B0856D299007C000CFBCA5 /* Debug */ = {
			isa = XCBuildConfiguration;
			buildSettings = {
				ASSETCATALOG_COMPILER_APPICON_NAME = AppIcon;
				ASSETCATALOG_COMPILER_GLOBAL_ACCENT_COLOR_NAME = AccentColor;
				CODE_SIGN_STYLE = Automatic;
				CURRENT_PROJECT_VERSION = 1;
				GENERATE_INFOPLIST_FILE = YES;
				INFOPLIST_FILE = CombineNetwokring/Info.plist;
				INFOPLIST_KEY_UIApplicationSupportsIndirectInputEvents = YES;
				INFOPLIST_KEY_UILaunchStoryboardName = LaunchScreen;
				INFOPLIST_KEY_UIMainStoryboardFile = Main;
				INFOPLIST_KEY_UISupportedInterfaceOrientations_iPad = "UIInterfaceOrientationPortrait UIInterfaceOrientationPortraitUpsideDown UIInterfaceOrientationLandscapeLeft UIInterfaceOrientationLandscapeRight";
				INFOPLIST_KEY_UISupportedInterfaceOrientations_iPhone = "UIInterfaceOrientationPortrait UIInterfaceOrientationLandscapeLeft UIInterfaceOrientationLandscapeRight";
				LD_RUNPATH_SEARCH_PATHS = (
					"$(inherited)",
					"@executable_path/Frameworks",
				);
				MARKETING_VERSION = 1.0;
				PRODUCT_BUNDLE_IDENTIFIER = combine.CombineNetwokring;
				PRODUCT_NAME = "$(TARGET_NAME)";
				SWIFT_EMIT_LOC_STRINGS = YES;
				SWIFT_VERSION = 5.0;
				TARGETED_DEVICE_FAMILY = "1,2";
			};
			name = Debug;
		};
		73B0856E299007C000CFBCA5 /* Release */ = {
			isa = XCBuildConfiguration;
			buildSettings = {
				ASSETCATALOG_COMPILER_APPICON_NAME = AppIcon;
				ASSETCATALOG_COMPILER_GLOBAL_ACCENT_COLOR_NAME = AccentColor;
				CODE_SIGN_STYLE = Automatic;
				CURRENT_PROJECT_VERSION = 1;
				GENERATE_INFOPLIST_FILE = YES;
				INFOPLIST_FILE = CombineNetwokring/Info.plist;
				INFOPLIST_KEY_UIApplicationSupportsIndirectInputEvents = YES;
				INFOPLIST_KEY_UILaunchStoryboardName = LaunchScreen;
				INFOPLIST_KEY_UIMainStoryboardFile = Main;
				INFOPLIST_KEY_UISupportedInterfaceOrientations_iPad = "UIInterfaceOrientationPortrait UIInterfaceOrientationPortraitUpsideDown UIInterfaceOrientationLandscapeLeft UIInterfaceOrientationLandscapeRight";
				INFOPLIST_KEY_UISupportedInterfaceOrientations_iPhone = "UIInterfaceOrientationPortrait UIInterfaceOrientationLandscapeLeft UIInterfaceOrientationLandscapeRight";
				LD_RUNPATH_SEARCH_PATHS = (
					"$(inherited)",
					"@executable_path/Frameworks",
				);
				MARKETING_VERSION = 1.0;
				PRODUCT_BUNDLE_IDENTIFIER = combine.CombineNetwokring;
				PRODUCT_NAME = "$(TARGET_NAME)";
				SWIFT_EMIT_LOC_STRINGS = YES;
				SWIFT_VERSION = 5.0;
				TARGETED_DEVICE_FAMILY = "1,2";
			};
			name = Release;
		};
/* End XCBuildConfiguration section */

/* Begin XCConfigurationList section */
		73B08553299007BF00CFBCA5 /* Build configuration list for PBXProject "CombineNetwokring" */ = {
			isa = XCConfigurationList;
			buildConfigurations = (
				73B0856A299007C000CFBCA5 /* Debug */,
				73B0856B299007C000CFBCA5 /* Release */,
			);
			defaultConfigurationIsVisible = 0;
			defaultConfigurationName = Release;
		};
		73B0856C299007C000CFBCA5 /* Build configuration list for PBXNativeTarget "CombineNetwokring" */ = {
			isa = XCConfigurationList;
			buildConfigurations = (
				73B0856D299007C000CFBCA5 /* Debug */,
				73B0856E299007C000CFBCA5 /* Release */,
			);
			defaultConfigurationIsVisible = 0;
			defaultConfigurationName = Release;
		};
/* End XCConfigurationList section */
	};
	rootObject = 73B08550299007BF00CFBCA5 /* Project object */;
}
